
Microsoft Visual Studio Solution File, Format Version 12.00
# Visual Studio Version 17
VisualStudioVersion = 17.11.35303.130
MinimumVisualStudioVersion = 10.0.40219.1
Project("{8BC9CEB8-8B4A-11D0-8D11-00A0C91BC942}") = "FindParentBinaryTree", "FindParentBinaryTree\FindParentBinaryTree.vcxproj", "{5EE3B59F-17E3-448D-AB0C-FE3E947EF195}"
EndProject
Global
	GlobalSection(SolutionConfigurationPlatforms) = preSolution
		Debug|x64 = Debug|x64
		Debug|x86 = Debug|x86
		Release|x64 = Release|x64
		Release|x86 = Release|x86
	EndGlobalSection
	GlobalSection(ProjectConfigurationPlatforms) = postSolution
		{5EE3B59F-17E3-448D-AB0C-FE3E947EF195}.Debug|x64.ActiveCfg = Debug|x64
		{5EE3B59F-17E3-448D-AB0C-FE3E947EF195}.Debug|x64.Build.0 = Debug|x64
		{5EE3B59F-17E3-448D-AB0C-FE3E947EF195}.Debug|x86.ActiveCfg = Debug|Win32
		{5EE3B59F-17E3-448D-AB0C-FE3E947EF195}.Debug|x86.Build.0 = Debug|Win32
		{5EE3B59F-17E3-448D-AB0C-FE3E947EF195}.Release|x64.ActiveCfg = Release|x64
		{5EE3B59F-17E3-448D-AB0C-FE3E947EF195}.Release|x64.Build.0 = Release|x64
		{5EE3B59F-17E3-448D-AB0C-FE3E947EF195}.Release|x86.ActiveCfg = Release|Win32
		{5EE3B59F-17E3-448D-AB0C-FE3E947EF195}.Release|x86.Build.0 = Release|Win32
	EndGlobalSection
	GlobalSection(SolutionProperties) = preSolution
		HideSolutionNode = FALSE
	EndGlobalSection
	GlobalSection(ExtensibilityGlobals) = postSolution
		SolutionGuid = {3B4E46F9-55D9-4065-98B3-820984541E96}
	EndGlobalSection
EndGlobal
